{
    "_readme": [
        "This file locks the dependencies of your project to a known state",
        "Read more about it at https://getcomposer.org/doc/01-basic-usage.md#installing-dependencies",
        "This file is @generated automatically"
    ],
    "content-hash": "1d5e5f95a069159c09a650e07113802c",
    "packages": [
        {
            "name": "s3bul/curl",
            "version": "dev-feature/new-major-release",
            "source": {
                "type": "git",
                "url": "https://github.com/s3bul/curl.git",
                "reference": "56494b5a8fc634f58f482314ee03eb6bd2305f4f"
            },
            "dist": {
                "type": "zip",
                "url": "https://api.github.com/repos/s3bul/curl/zipball/56494b5a8fc634f58f482314ee03eb6bd2305f4f",
                "reference": "56494b5a8fc634f58f482314ee03eb6bd2305f4f",
                "shasum": ""
            },
            "require": {
                "ext-curl": "*",
                "php": "^8.2"
            },
            "require-dev": {
                "codeception/codeception": "^5.0",
                "codeception/module-asserts": "*",
                "codeception/module-phpbrowser": "*"
            },
            "type": "library",
            "autoload": {
                "psr-4": {
                    "S3bul\\": "src/"
                }
            },
            "notification-url": "https://packagist.org/downloads/",
            "license": [
                "MIT"
            ],
            "authors": [
                {
                    "name": "Sebastian Korzeniecki",
                    "email": "seba5zer@gmail.com"
                }
            ],
            "description": "Curl client for PHP",
            "homepage": "https://github.com/s3bul/curl",
            "keywords": [
                "curl",
                "php"
            ],
            "support": {
                "issues": "https://github.com/s3bul/curl/issues",
                "source": "https://github.com/s3bul/curl/tree/feature/new-major-release"
            },
            "time": "2023-01-07T00:11:19+00:00"
        }
    ],
    "packages-dev": [],
    "aliases": [],
    "minimum-stability": "stable",
    "stability-flags": {
        "s3bul/curl": 20
    },
    "prefer-stable": false,
    "prefer-lowest": false,
    "platform": [],
    "platform-dev": [],
    "plugin-api-version": "2.3.0"
}
